// !$*UTF8*$!
{
	archiveVersion = 1;
	classes = {
	};
	objectVersion = 56;
	objects = {

/* Begin PBXBuildFile section */
		A6734A1B296BDFDC00D2CFEB /* AppDelegate.swift in Sources */ = {isa = PBXBuildFile; fileRef = A6734A1A296BDFDC00D2CFEB /* AppDelegate.swift */; };
		A6734A1D296BDFDC00D2CFEB /* SceneDelegate.swift in Sources */ = {isa = PBXBuildFile; fileRef = A6734A1C296BDFDC00D2CFEB /* SceneDelegate.swift */; };
		A6734A1F296BDFDC00D2CFEB /* ViewController.swift in Sources */ = {isa = PBXBuildFile; fileRef = A6734A1E296BDFDC00D2CFEB /* ViewController.swift */; };
		A6734A22296BDFDC00D2CFEB /* Main.storyboard in Resources */ = {isa = PBXBuildFile; fileRef = A6734A20296BDFDC00D2CFEB /* Main.storyboard */; };
		A6734A25296BDFDC00D2CFEB /* PhoneNumber.xcdatamodeld in Sources */ = {isa = PBXBuildFile; fileRef = A6734A23296BDFDC00D2CFEB /* PhoneNumber.xcdatamodeld */; };
		A6734A27296BDFDD00D2CFEB /* Assets.xcassets in Resources */ = {isa = PBXBuildFile; fileRef = A6734A26296BDFDD00D2CFEB /* Assets.xcassets */; };
		A6734A2A296BDFDD00D2CFEB /* LaunchScreen.storyboard in Resources */ = {isa = PBXBuildFile; fileRef = A6734A28296BDFDD00D2CFEB /* LaunchScreen.storyboard */; };
/* End PBXBuildFile section */

/* Begin PBXFileReference section */
		A6734A17296BDFDC00D2CFEB /* PhoneNumber.app */ = {isa = PBXFileReference; explicitFileType = wrapper.application; includeInIndex = 0; path = PhoneNumber.app; sourceTree = BUILT_PRODUCTS_DIR; };
		A6734A1A296BDFDC00D2CFEB /* AppDelegate.swift */ = {isa = PBXFileReference; lastKnownFileType = sourcecode.swift; path = AppDelegate.swift; sourceTree = "<group>"; };
		A6734A1C296BDFDC00D2CFEB /* SceneDelegate.swift */ = {isa = PBXFileReference; lastKnownFileType = sourcecode.swift; path = SceneDelegate.swift; sourceTree = "<group>"; };
		A6734A1E296BDFDC00D2CFEB /* ViewController.swift */ = {isa = PBXFileReference; lastKnownFileType = sourcecode.swift; path = ViewController.swift; sourceTree = "<group>"; };
		A6734A21296BDFDC00D2CFEB /* Base */ = {isa = PBXFileReference; lastKnownFileType = file.storyboard; name = Base; path = Base.lproj/Main.storyboard; sourceTree = "<group>"; };
		A6734A24296BDFDC00D2CFEB /* PhoneNumber.xcdatamodel */ = {isa = PBXFileReference; lastKnownFileType = wrapper.xcdatamodel; path = PhoneNumber.xcdatamodel; sourceTree = "<group>"; };
		A6734A26296BDFDD00D2CFEB /* Assets.xcassets */ = {isa = PBXFileReference; lastKnownFileType = folder.assetcatalog; path = Assets.xcassets; sourceTree = "<group>"; };
		A6734A29296BDFDD00D2CFEB /* Base */ = {isa = PBXFileReference; lastKnownFileType = file.storyboard; name = Base; path = Base.lproj/LaunchScreen.storyboard; sourceTree = "<group>"; };
		A6734A2B296BDFDD00D2CFEB /* Info.plist */ = {isa = PBXFileReference; lastKnownFileType = text.plist.xml; path = Info.plist; sourceTree = "<group>"; };
/* End PBXFileReference section */

/* Begin PBXFrameworksBuildPhase section */
		A6734A14296BDFDC00D2CFEB /* Frameworks */ = {
			isa = PBXFrameworksBuildPhase;
			buildActionMask = 2147483647;
			files = (
			);
			runOnlyForDeploymentPostprocessing = 0;
		};
/* End PBXFrameworksBuildPhase section */

/* Begin PBXGroup section */
		A6734A0E296BDFDC00D2CFEB = {
			isa = PBXGroup;
			children = (
				A6734A19296BDFDC00D2CFEB /* PhoneNumber */,
				A6734A18296BDFDC00D2CFEB /* Products */,
			);
			sourceTree = "<group>";
		};
		A6734A18296BDFDC00D2CFEB /* Products */ = {
			isa = PBXGroup;
			children = (
				A6734A17296BDFDC00D2CFEB /* PhoneNumber.app */,
			);
			name = Products;
			sourceTree = "<group>";
		};
		A6734A19296BDFDC00D2CFEB /* PhoneNumber */ = {
			isa = PBXGroup;
			children = (
				A6734A1A296BDFDC00D2CFEB /* AppDelegate.swift */,
				A6734A1C296BDFDC00D2CFEB /* SceneDelegate.swift */,
				A6734A1E296BDFDC00D2CFEB /* ViewController.swift */,
				A6734A20296BDFDC00D2CFEB /* Main.storyboard */,
				A6734A26296BDFDD00D2CFEB /* Assets.xcassets */,
				A6734A28296BDFDD00D2CFEB /* LaunchScreen.storyboard */,
				A6734A2B296BDFDD00D2CFEB /* Info.plist */,
				A6734A23296BDFDC00D2CFEB /* PhoneNumber.xcdatamodeld */,
			);
			path = PhoneNumber;
			sourceTree = "<group>";
		};
/* End PBXGroup section */

/* Begin PBXNativeTarget section */
		A6734A16296BDFDC00D2CFEB /* PhoneNumber */ = {
			isa = PBXNativeTarget;
			buildConfigurationList = A6734A2E296BDFDD00D2CFEB /* Build configuration list for PBXNativeTarget "PhoneNumber" */;
			buildPhases = (
				A6734A13296BDFDC00D2CFEB /* Sources */,
				A6734A14296BDFDC00D2CFEB /* Frameworks */,
				A6734A15296BDFDC00D2CFEB /* Resources */,
			);
			buildRules = (
			);
			dependencies = (
			);
			name = PhoneNumber;
			productName = PhoneNumber;
			productReference = A6734A17296BDFDC00D2CFEB /* PhoneNumber.app */;
			productType = "com.apple.product-type.application";
		};
/* End PBXNativeTarget section */

/* Begin PBXProject section */
		A6734A0F296BDFDC00D2CFEB /* Project object */ = {
			isa = PBXProject;
			attributes = {
				BuildIndependentTargetsInParallel = 1;
				LastSwiftUpdateCheck = 1420;
				LastUpgradeCheck = 1420;
				TargetAttributes = {
					A6734A16296BDFDC00D2CFEB = {
						CreatedOnToolsVersion = 14.2;
					};
				};
			};
			buildConfigurationList = A6734A12296BDFDC00D2CFEB /* Build configuration list for PBXProject "PhoneNumber" */;
			compatibilityVersion = "Xcode 14.0";
			developmentRegion = en;
			hasScannedForEncodings = 0;
			knownRegions = (
				en,
				Base,
			);
			mainGroup = A6734A0E296BDFDC00D2CFEB;
			productRefGroup = A6734A18296BDFDC00D2CFEB /* Products */;
			projectDirPath = "";
			projectRoot = "";
			targets = (
				A6734A16296BDFDC00D2CFEB /* PhoneNumber */,
			);
		};
/* End PBXProject section */

/* Begin PBXResourcesBuildPhase section */
		A6734A15296BDFDC00D2CFEB /* Resources */ = {
			isa = PBXResourcesBuildPhase;
			buildActionMask = 2147483647;
			files = (
				A6734A2A296BDFDD00D2CFEB /* LaunchScreen.storyboard in Resources */,
				A6734A27296BDFDD00D2CFEB /* Assets.xcassets in Resources */,
				A6734A22296BDFDC00D2CFEB /* Main.storyboard in Resources */,
			);
			runOnlyForDeploymentPostprocessing = 0;
		};
/* End PBXResourcesBuildPhase section */

/* Begin PBXSourcesBuildPhase section */
		A6734A13296BDFDC00D2CFEB /* Sources */ = {
			isa = PBXSourcesBuildPhase;
			buildActionMask = 2147483647;
			files = (
				A6734A1F296BDFDC00D2CFEB /* ViewController.swift in Sources */,
				A6734A1B296BDFDC00D2CFEB /* AppDelegate.swift in Sources */,
				A6734A1D296BDFDC00D2CFEB /* SceneDelegate.swift in Sources */,
				A6734A25296BDFDC00D2CFEB /* PhoneNumber.xcdatamodeld in Sources */,
			);
			runOnlyForDeploymentPostprocessing = 0;
		};
/* End PBXSourcesBuildPhase section */

/* Begin PBXVariantGroup section */
		A6734A20296BDFDC00D2CFEB /* Main.storyboard */ = {
			isa = PBXVariantGroup;
			children = (
				A6734A21296BDFDC00D2CFEB /* Base */,
			);
			name = Main.storyboard;
			sourceTree = "<group>";
		};
		A6734A28296BDFDD00D2CFEB /* LaunchScreen.storyboard */ = {
			isa = PBXVariantGroup;
			children = (
				A6734A29296BDFDD00D2CFEB /* Base */,
			);
			name = LaunchScreen.storyboard;
			sourceTree = "<group>";
		};
/* End PBXVariantGroup section */

/* Begin XCBuildConfiguration section */
		A6734A2C296BDFDD00D2CFEB /* Debug */ = {
			isa = XCBuildConfiguration;
			buildSettings = {
				ALWAYS_SEARCH_USER_PATHS = NO;
				CLANG_ANALYZER_NONNULL = YES;
				CLANG_ANALYZER_NUMBER_OBJECT_CONVERSION = YES_AGGRESSIVE;
				CLANG_CXX_LANGUAGE_STANDARD = "gnu++20";
				CLANG_ENABLE_MODULES = YES;
				CLANG_ENABLE_OBJC_ARC = YES;
				CLANG_ENABLE_OBJC_WEAK = YES;
				CLANG_WARN_BLOCK_CAPTURE_AUTORELEASING = YES;
				CLANG_WARN_BOOL_CONVERSION = YES;
				CLANG_WARN_COMMA = YES;
				CLANG_WARN_CONSTANT_CONVERSION = YES;
				CLANG_WARN_DEPRECATED_OBJC_IMPLEMENTATIONS = YES;
				CLANG_WARN_DIRECT_OBJC_ISA_USAGE = YES_ERROR;
				CLANG_WARN_DOCUMENTATION_COMMENTS = YES;
				CLANG_WARN_EMPTY_BODY = YES;
				CLANG_WARN_ENUM_CONVERSION = YES;
				CLANG_WARN_INFINITE_RECURSION = YES;
				CLANG_WARN_INT_CONVERSION = YES;
				CLANG_WARN_NON_LITERAL_NULL_CONVERSION = YES;
				CLANG_WARN_OBJC_IMPLICIT_RETAIN_SELF = YES;
				CLANG_WARN_OBJC_LITERAL_CONVERSION = YES;
				CLANG_WARN_OBJC_ROOT_CLASS = YES_ERROR;
				CLANG_WARN_QUOTED_INCLUDE_IN_FRAMEWORK_HEADER = YES;
				CLANG_WARN_RANGE_LOOP_ANALYSIS = YES;
				CLANG_WARN_STRICT_PROTOTYPES = YES;
				CLANG_WARN_SUSPICIOUS_MOVE = YES;
				CLANG_WARN_UNGUARDED_AVAILABILITY = YES_AGGRESSIVE;
				CLANG_WARN_UNREACHABLE_CODE = YES;
				CLANG_WARN__DUPLICATE_METHOD_MATCH = YES;
				COPY_PHASE_STRIP = NO;
				DEBUG_INFORMATION_FORMAT = dwarf;
				ENABLE_STRICT_OBJC_MSGSEND = YES;
				ENABLE_TESTABILITY = YES;
				GCC_C_LANGUAGE_STANDARD = gnu11;
				GCC_DYNAMIC_NO_PIC = NO;
				GCC_NO_COMMON_BLOCKS = YES;
				GCC_OPTIMIZATION_LEVEL = 0;
				GCC_PREPROCESSOR_DEFINITIONS = (
					"DEBUG=1",
					"$(inherited)",
				);
				GCC_WARN_64_TO_32_BIT_CONVERSION = YES;
				GCC_WARN_ABOUT_RETURN_TYPE = YES_ERROR;
				GCC_WARN_UNDECLARED_SELECTOR = YES;
				GCC_WARN_UNINITIALIZED_AUTOS = YES_AGGRESSIVE;
				GCC_WARN_UNUSED_FUNCTION = YES;
				GCC_WARN_UNUSED_VARIABLE = YES;
				IPHONEOS_DEPLOYMENT_TARGET = 16.2;
				MTL_ENABLE_DEBUG_INFO = INCLUDE_SOURCE;
				MTL_FAST_MATH = YES;
				ONLY_ACTIVE_ARCH = YES;
				SDKROOT = iphoneos;
				SWIFT_ACTIVE_COMPILATION_CONDITIONS = DEBUG;
				SWIFT_OPTIMIZATION_LEVEL = "-Onone";
			};
			name = Debug;
		};
		A6734A2D296BDFDD00D2CFEB /* Release */ = {
			isa = XCBuildConfiguration;
			buildSettings = {
				ALWAYS_SEARCH_USER_PATHS = NO;
				CLANG_ANALYZER_NONNULL = YES;
				CLANG_ANALYZER_NUMBER_OBJECT_CONVERSION = YES_AGGRESSIVE;
				CLANG_CXX_LANGUAGE_STANDARD = "gnu++20";
				CLANG_ENABLE_MODULES = YES;
				CLANG_ENABLE_OBJC_ARC = YES;
				CLANG_ENABLE_OBJC_WEAK = YES;
				CLANG_WARN_BLOCK_CAPTURE_AUTORELEASING = YES;
				CLANG_WARN_BOOL_CONVERSION = YES;
				CLANG_WARN_COMMA = YES;
				CLANG_WARN_CONSTANT_CONVERSION = YES;
				CLANG_WARN_DEPRECATED_OBJC_IMPLEMENTATIONS = YES;
				CLANG_WARN_DIRECT_OBJC_ISA_USAGE = YES_ERROR;
				CLANG_WARN_DOCUMENTATION_COMMENTS = YES;
				CLANG_WARN_EMPTY_BODY = YES;
				CLANG_WARN_ENUM_CONVERSION = YES;
				CLANG_WARN_INFINITE_RECURSION = YES;
				CLANG_WARN_INT_CONVERSION = YES;
				CLANG_WARN_NON_LITERAL_NULL_CONVERSION = YES;
				CLANG_WARN_OBJC_IMPLICIT_RETAIN_SELF = YES;
				CLANG_WARN_OBJC_LITERAL_CONVERSION = YES;
				CLANG_WARN_OBJC_ROOT_CLASS = YES_ERROR;
				CLANG_WARN_QUOTED_INCLUDE_IN_FRAMEWORK_HEADER = YES;
				CLANG_WARN_RANGE_LOOP_ANALYSIS = YES;
				CLANG_WARN_STRICT_PROTOTYPES = YES;
				CLANG_WARN_SUSPICIOUS_MOVE = YES;
				CLANG_WARN_UNGUARDED_AVAILABILITY = YES_AGGRESSIVE;
				CLANG_WARN_UNREACHABLE_CODE = YES;
				CLANG_WARN__DUPLICATE_METHOD_MATCH = YES;
				COPY_PHASE_STRIP = NO;
				DEBUG_INFORMATION_FORMAT = "dwarf-with-dsym";
				ENABLE_NS_ASSERTIONS = NO;
				ENABLE_STRICT_OBJC_MSGSEND = YES;
				GCC_C_LANGUAGE_STANDARD = gnu11;
				GCC_NO_COMMON_BLOCKS = YES;
				GCC_WARN_64_TO_32_BIT_CONVERSION = YES;
				GCC_WARN_ABOUT_RETURN_TYPE = YES_ERROR;
				GCC_WARN_UNDECLARED_SELECTOR = YES;
				GCC_WARN_UNINITIALIZED_AUTOS = YES_AGGRESSIVE;
				GCC_WARN_UNUSED_FUNCTION = YES;
				GCC_WARN_UNUSED_VARIABLE = YES;
				IPHONEOS_DEPLOYMENT_TARGET = 16.2;
				MTL_ENABLE_DEBUG_INFO = NO;
				MTL_FAST_MATH = YES;
				SDKROOT = iphoneos;
				SWIFT_COMPILATION_MODE = wholemodule;
				SWIFT_OPTIMIZATION_LEVEL = "-O";
				VALIDATE_PRODUCT = YES;
			};
			name = Release;
		};
		A6734A2F296BDFDD00D2CFEB /* Debug */ = {
			isa = XCBuildConfiguration;
			buildSettings = {
				ASSETCATALOG_COMPILER_APPICON_NAME = AppIcon;
				ASSETCATALOG_COMPILER_GLOBAL_ACCENT_COLOR_NAME = AccentColor;
				CODE_SIGN_STYLE = Automatic;
				CURRENT_PROJECT_VERSION = 1;
				GENERATE_INFOPLIST_FILE = YES;
				INFOPLIST_FILE = PhoneNumber/Info.plist;
				INFOPLIST_KEY_UIApplicationSupportsIndirectInputEvents = YES;
				INFOPLIST_KEY_UILaunchStoryboardName = LaunchScreen;
				INFOPLIST_KEY_UIMainStoryboardFile = Main;
				INFOPLIST_KEY_UISupportedInterfaceOrientations_iPad = "UIInterfaceOrientationPortrait UIInterfaceOrientationPortraitUpsideDown UIInterfaceOrientationLandscapeLeft UIInterfaceOrientationLandscapeRight";
				INFOPLIST_KEY_UISupportedInterfaceOrientations_iPhone = "UIInterfaceOrientationPortrait UIInterfaceOrientationLandscapeLeft UIInterfaceOrientationLandscapeRight";
				LD_RUNPATH_SEARCH_PATHS = (
					"$(inherited)",
					"@executable_path/Frameworks",
				);
				MARKETING_VERSION = 1.0;
				PRODUCT_BUNDLE_IDENTIFIER = "Mo-ydinxonov-Faxriddin.PhoneNumber";
				PRODUCT_NAME = "$(TARGET_NAME)";
				SWIFT_EMIT_LOC_STRINGS = YES;
				SWIFT_VERSION = 5.0;
				TARGETED_DEVICE_FAMILY = "1,2";
			};
			name = Debug;
		};
		A6734A30296BDFDD00D2CFEB /* Release */ = {
			isa = XCBuildConfiguration;
			buildSettings = {
				ASSETCATALOG_COMPILER_APPICON_NAME = AppIcon;
				ASSETCATALOG_COMPILER_GLOBAL_ACCENT_COLOR_NAME = AccentColor;
				CODE_SIGN_STYLE = Automatic;
				CURRENT_PROJECT_VERSION = 1;
				GENERATE_INFOPLIST_FILE = YES;
				INFOPLIST_FILE = PhoneNumber/Info.plist;
				INFOPLIST_KEY_UIApplicationSupportsIndirectInputEvents = YES;
				INFOPLIST_KEY_UILaunchStoryboardName = LaunchScreen;
				INFOPLIST_KEY_UIMainStoryboardFile = Main;
				INFOPLIST_KEY_UISupportedInterfaceOrientations_iPad = "UIInterfaceOrientationPortrait UIInterfaceOrientationPortraitUpsideDown UIInterfaceOrientationLandscapeLeft UIInterfaceOrientationLandscapeRight";
				INFOPLIST_KEY_UISupportedInterfaceOrientations_iPhone = "UIInterfaceOrientationPortrait UIInterfaceOrientationLandscapeLeft UIInterfaceOrientationLandscapeRight";
				LD_RUNPATH_SEARCH_PATHS = (
					"$(inherited)",
					"@executable_path/Frameworks",
				);
				MARKETING_VERSION = 1.0;
				PRODUCT_BUNDLE_IDENTIFIER = "Mo-ydinxonov-Faxriddin.PhoneNumber";
				PRODUCT_NAME = "$(TARGET_NAME)";
				SWIFT_EMIT_LOC_STRINGS = YES;
				SWIFT_VERSION = 5.0;
				TARGETED_DEVICE_FAMILY = "1,2";
			};
			name = Release;
		};
/* End XCBuildConfiguration section */

/* Begin XCConfigurationList section */
		A6734A12296BDFDC00D2CFEB /* Build configuration list for PBXProject "PhoneNumber" */ = {
			isa = XCConfigurationList;
			buildConfigurations = (
				A6734A2C296BDFDD00D2CFEB /* Debug */,
				A6734A2D296BDFDD00D2CFEB /* Release */,
			);
			defaultConfigurationIsVisible = 0;
			defaultConfigurationName = Release;
		};
		A6734A2E296BDFDD00D2CFEB /* Build configuration list for PBXNativeTarget "PhoneNumber" */ = {
			isa = XCConfigurationList;
			buildConfigurations = (
				A6734A2F296BDFDD00D2CFEB /* Debug */,
				A6734A30296BDFDD00D2CFEB /* Release */,
			);
			defaultConfigurationIsVisible = 0;
			defaultConfigurationName = Release;
		};
/* End XCConfigurationList section */

/* Begin XCVersionGroup section */
		A6734A23296BDFDC00D2CFEB /* PhoneNumber.xcdatamodeld */ = {
			isa = XCVersionGroup;
			children = (
				A6734A24296BDFDC00D2CFEB /* PhoneNumber.xcdatamodel */,
			);
			currentVersion = A6734A24296BDFDC00D2CFEB /* PhoneNumber.xcdatamodel */;
			path = PhoneNumber.xcdatamodeld;
			sourceTree = "<group>";
			versionGroupType = wrapper.xcdatamodel;
		};
/* End XCVersionGroup section */
	};
	rootObject = A6734A0F296BDFDC00D2CFEB /* Project object */;
}
